
Microsoft Visual Studio Solution File, Format Version 12.00
# Visual Studio Version 17
VisualStudioVersion = 17.3.32825.248
MinimumVisualStudioVersion = 10.0.40219.1
Project("{FAE04EC0-301F-11D3-BF4B-00C04F79EFBC}") = "lw3", "lw3.csproj", "{9D03A6D8-2C4F-4213-A430-AECC97224E9A}"
EndProject
Global
	GlobalSection(SolutionConfigurationPlatforms) = preSolution
		Debug|Any CPU = Debug|Any CPU
		Release|Any CPU = Release|Any CPU
	EndGlobalSection
	GlobalSection(ProjectConfigurationPlatforms) = postSolution
		{9D03A6D8-2C4F-4213-A430-AECC97224E9A}.Debug|Any CPU.ActiveCfg = Debug|Any CPU
		{9D03A6D8-2C4F-4213-A430-AECC97224E9A}.Debug|Any CPU.Build.0 = Debug|Any CPU
		{9D03A6D8-2C4F-4213-A430-AECC97224E9A}.Release|Any CPU.ActiveCfg = Release|Any CPU
		{9D03A6D8-2C4F-4213-A430-AECC97224E9A}.Release|Any CPU.Build.0 = Release|Any CPU
	EndGlobalSection
	GlobalSection(SolutionProperties) = preSolution
		HideSolutionNode = FALSE
	EndGlobalSection
	GlobalSection(ExtensibilityGlobals) = postSolution
		SolutionGuid = {16DB1989-DAA4-4F16-95A4-2284D5508960}
	EndGlobalSection
EndGlobal
